
Microsoft Visual Studio Solution File, Format Version 12.00
# Visual Studio 15
VisualStudioVersion = 15.0.27130.2036
MinimumVisualStudioVersion = 10.0.40219.1
Project("{8BC9CEB8-8B4A-11D0-8D11-00A0C91BC942}") = "FProtect.Test", "FProtect.Test\FProtect.Test.vcxproj", "{49645F69-FD02-43B4-936E-397DF3B6757F}"
EndProject
Project("{8BC9CEB8-8B4A-11D0-8D11-00A0C91BC942}") = "FProtect.Runtime", "FProtect.Runtime\FProtect.Runtime.vcxproj", "{097A46B1-686D-4099-9BE6-F05085CCC837}"
EndProject
Project("{FAE04EC0-301F-11D3-BF4B-00C04F79EFBC}") = "FProtect.External", "FProtect.External\FProtect.External.csproj", "{2AF281BF-0817-490D-9086-46657CDF15C9}"
EndProject
Global
	GlobalSection(SolutionConfigurationPlatforms) = preSolution
		Debug|Any CPU = Debug|Any CPU
		Debug|x64 = Debug|x64
		Debug|x86 = Debug|x86
		Release|Any CPU = Release|Any CPU
		Release|x64 = Release|x64
		Release|x86 = Release|x86
	EndGlobalSection
	GlobalSection(ProjectConfigurationPlatforms) = postSolution
		{49645F69-FD02-43B4-936E-397DF3B6757F}.Debug|Any CPU.ActiveCfg = Debug|Win32
		{49645F69-FD02-43B4-936E-397DF3B6757F}.Debug|x64.ActiveCfg = Debug|x64
		{49645F69-FD02-43B4-936E-397DF3B6757F}.Debug|x64.Build.0 = Debug|x64
		{49645F69-FD02-43B4-936E-397DF3B6757F}.Debug|x86.ActiveCfg = Debug|Win32
		{49645F69-FD02-43B4-936E-397DF3B6757F}.Debug|x86.Build.0 = Debug|Win32
		{49645F69-FD02-43B4-936E-397DF3B6757F}.Release|Any CPU.ActiveCfg = Release|Win32
		{49645F69-FD02-43B4-936E-397DF3B6757F}.Release|x64.ActiveCfg = Release|x64
		{49645F69-FD02-43B4-936E-397DF3B6757F}.Release|x64.Build.0 = Release|x64
		{49645F69-FD02-43B4-936E-397DF3B6757F}.Release|x86.ActiveCfg = Release|Win32
		{49645F69-FD02-43B4-936E-397DF3B6757F}.Release|x86.Build.0 = Release|Win32
		{097A46B1-686D-4099-9BE6-F05085CCC837}.Debug|Any CPU.ActiveCfg = Debug|Win32
		{097A46B1-686D-4099-9BE6-F05085CCC837}.Debug|x64.ActiveCfg = Debug|x64
		{097A46B1-686D-4099-9BE6-F05085CCC837}.Debug|x64.Build.0 = Debug|x64
		{097A46B1-686D-4099-9BE6-F05085CCC837}.Debug|x86.ActiveCfg = Debug|Win32
		{097A46B1-686D-4099-9BE6-F05085CCC837}.Debug|x86.Build.0 = Debug|Win32
		{097A46B1-686D-4099-9BE6-F05085CCC837}.Release|Any CPU.ActiveCfg = Release|Win32
		{097A46B1-686D-4099-9BE6-F05085CCC837}.Release|x64.ActiveCfg = Release|x64
		{097A46B1-686D-4099-9BE6-F05085CCC837}.Release|x64.Build.0 = Release|x64
		{097A46B1-686D-4099-9BE6-F05085CCC837}.Release|x86.ActiveCfg = Release|Win32
		{097A46B1-686D-4099-9BE6-F05085CCC837}.Release|x86.Build.0 = Release|Win32
		{2AF281BF-0817-490D-9086-46657CDF15C9}.Debug|Any CPU.ActiveCfg = Debug|Any CPU
		{2AF281BF-0817-490D-9086-46657CDF15C9}.Debug|Any CPU.Build.0 = Debug|Any CPU
		{2AF281BF-0817-490D-9086-46657CDF15C9}.Debug|x64.ActiveCfg = Debug|Any CPU
		{2AF281BF-0817-490D-9086-46657CDF15C9}.Debug|x64.Build.0 = Debug|Any CPU
		{2AF281BF-0817-490D-9086-46657CDF15C9}.Debug|x86.ActiveCfg = Debug|Any CPU
		{2AF281BF-0817-490D-9086-46657CDF15C9}.Debug|x86.Build.0 = Debug|Any CPU
		{2AF281BF-0817-490D-9086-46657CDF15C9}.Release|Any CPU.ActiveCfg = Release|Any CPU
		{2AF281BF-0817-490D-9086-46657CDF15C9}.Release|Any CPU.Build.0 = Release|Any CPU
		{2AF281BF-0817-490D-9086-46657CDF15C9}.Release|x64.ActiveCfg = Release|Any CPU
		{2AF281BF-0817-490D-9086-46657CDF15C9}.Release|x64.Build.0 = Release|Any CPU
		{2AF281BF-0817-490D-9086-46657CDF15C9}.Release|x86.ActiveCfg = Release|Any CPU
		{2AF281BF-0817-490D-9086-46657CDF15C9}.Release|x86.Build.0 = Release|Any CPU
	EndGlobalSection
	GlobalSection(SolutionProperties) = preSolution
		HideSolutionNode = FALSE
	EndGlobalSection
	GlobalSection(ExtensibilityGlobals) = postSolution
		SolutionGuid = {2474D3CB-80F5-4DF7-90BE-E2DB6E3BB571}
	EndGlobalSection
EndGlobal
